PyYAML==6.0.3
Pygments==2.19.2
arrow==1.4.0
black==26.3.1
certifi==2026.2.25
charset-normalizer==3.4.6
click==8.3.1
idna==3.11
inflection==0.5.1
isort==8.0.1
jmespath==1.1.0
markdown-it-py==4.0.0
mdurl==0.1.2
mypy_extensions==1.1.0
packaging==26.0
paho-mqtt==1.6.1
pathspec==1.0.4
platformdirs==4.9.4
pyaes==1.6.1
pydantic==1.10.26
python-dateutil==2.9.0.post0
pytokens==0.4.1
redis==4.6.0
requests==2.32.5
rich==14.3.3
semantic-version==2.10.0
six==1.17.0
tcex==4.0.10
typing_extensions==4.15.0
tzdata==2025.3
urllib3==2.6.3
wrapt==2.1.2